# THIS IS AN AUTOGENERATED FILE. DO NOT EDIT THIS FILE DIRECTLY.
# yarn lockfile v1


"@typoerr/event-delegation@^0.0.10":
  version "0.0.10"
  resolved "https://registry.yarnpkg.com/@typoerr/event-delegation/-/event-delegation-0.0.10.tgz#4352242d63959d0c4d1bf6837ff074e2470c26c1"
  integrity sha512-q9Ecj9wA9Dn/VXUhgMTVwI2p8eqD4WPwD2BU+n7xI/kCYagHLBa9OEpsTHkJht8MUq88Rl5NE6alx16F4NUURA==
