# THIS IS AN AUTOGENERATED FILE. DO NOT EDIT THIS FILE DIRECTLY.
# yarn lockfile v1


rxjs@^6.6.0:
  version "6.6.0"
  resolved "https://registry.yarnpkg.com/rxjs/-/rxjs-6.6.0.tgz#af2901eedf02e3a83ffa7f886240ff9018bbec84"
  integrity sha512-3HMA8z/Oz61DUHe+SdOiQyzIf4tOx5oQHmMir7IZEu6TMqCLHT4LRcmNaUS0NwOz8VLvmmBduMsoaUvMaIiqzg==
  dependencies:
    tslib "^1.9.0"

tslib@^1.9.0:
  version "1.11.1"
  resolved "https://registry.yarnpkg.com/tslib/-/tslib-1.11.1.tgz#eb15d128827fbee2841549e171f45ed338ac7e35"
  integrity sha512-aZW88SY8kQbU7gpV19lN24LtXh/yD4ZZg6qieAJDDg+YBsJcSmLGK9QpnUjAKVG/xefmvJGd1WUmfpT/g6AJGA==
